
Microsoft Visual Studio Solution File, Format Version 12.00
# Visual Studio Version 17
VisualStudioVersion = 17.8.34511.84
MinimumVisualStudioVersion = 10.0.40219.1
Project("{FAE04EC0-301F-11D3-BF4B-00C04F79EFBC}") = "WeatherGraphsApp_MVC.Server", "WeatherGraphsApp_MVC.Server\WeatherGraphsApp_MVC.Server.csproj", "{2E981E44-4B38-455B-AB7A-1BBD1E1C97F2}"
EndProject
Project("{54A90642-561A-4BB1-A94E-469ADEE60C69}") = "weathergraphsapp_mvc.client", "weathergraphsapp_mvc.client\weathergraphsapp_mvc.client.esproj", "{3D82CD02-7122-4050-82E5-D7A2E071DD75}"
EndProject
Global
	GlobalSection(SolutionConfigurationPlatforms) = preSolution
		Debug|Any CPU = Debug|Any CPU
		Release|Any CPU = Release|Any CPU
	EndGlobalSection
	GlobalSection(ProjectConfigurationPlatforms) = postSolution
		{2E981E44-4B38-455B-AB7A-1BBD1E1C97F2}.Debug|Any CPU.ActiveCfg = Debug|Any CPU
		{2E981E44-4B38-455B-AB7A-1BBD1E1C97F2}.Debug|Any CPU.Build.0 = Debug|Any CPU
		{2E981E44-4B38-455B-AB7A-1BBD1E1C97F2}.Release|Any CPU.ActiveCfg = Release|Any CPU
		{2E981E44-4B38-455B-AB7A-1BBD1E1C97F2}.Release|Any CPU.Build.0 = Release|Any CPU
		{3D82CD02-7122-4050-82E5-D7A2E071DD75}.Debug|Any CPU.ActiveCfg = Debug|Any CPU
		{3D82CD02-7122-4050-82E5-D7A2E071DD75}.Debug|Any CPU.Build.0 = Debug|Any CPU
		{3D82CD02-7122-4050-82E5-D7A2E071DD75}.Debug|Any CPU.Deploy.0 = Debug|Any CPU
		{3D82CD02-7122-4050-82E5-D7A2E071DD75}.Release|Any CPU.ActiveCfg = Release|Any CPU
		{3D82CD02-7122-4050-82E5-D7A2E071DD75}.Release|Any CPU.Build.0 = Release|Any CPU
		{3D82CD02-7122-4050-82E5-D7A2E071DD75}.Release|Any CPU.Deploy.0 = Release|Any CPU
	EndGlobalSection
	GlobalSection(SolutionProperties) = preSolution
		HideSolutionNode = FALSE
	EndGlobalSection
	GlobalSection(ExtensibilityGlobals) = postSolution
		SolutionGuid = {EEF88BF5-B1EE-4C37-BDF8-4EDE2EC9CA3B}
	EndGlobalSection
EndGlobal
